
Microsoft Visual Studio Solution File, Format Version 12.00
Project("{FAE04EC0-301F-11D3-BF4B-00C04F79EFBC}") = "SingleResponsibility", "SingleResponsibility\SingleResponsibility.csproj", "{3F60D42C-B19A-4C7C-93BE-CD785AE099A9}"
EndProject
Project("{FAE04EC0-301F-11D3-BF4B-00C04F79EFBC}") = "InverseToSRP", "InverseToSRP\InverseToSRP.csproj", "{EC87FA4D-6373-41C3-9A87-DA01716252B4}"
EndProject
Project("{FAE04EC0-301F-11D3-BF4B-00C04F79EFBC}") = "DependencyInversionPrinciple", "DependencyInversionPrinciple\DependencyInversionPrinciple.csproj", "{3D0B4C1D-8072-4DB6-8BFF-87CF1B72134F}"
EndProject
Global
	GlobalSection(SolutionConfigurationPlatforms) = preSolution
		Debug|Any CPU = Debug|Any CPU
		Release|Any CPU = Release|Any CPU
	EndGlobalSection
	GlobalSection(ProjectConfigurationPlatforms) = postSolution
		{3F60D42C-B19A-4C7C-93BE-CD785AE099A9}.Debug|Any CPU.ActiveCfg = Debug|Any CPU
		{3F60D42C-B19A-4C7C-93BE-CD785AE099A9}.Debug|Any CPU.Build.0 = Debug|Any CPU
		{3F60D42C-B19A-4C7C-93BE-CD785AE099A9}.Release|Any CPU.ActiveCfg = Release|Any CPU
		{3F60D42C-B19A-4C7C-93BE-CD785AE099A9}.Release|Any CPU.Build.0 = Release|Any CPU
		{EC87FA4D-6373-41C3-9A87-DA01716252B4}.Debug|Any CPU.ActiveCfg = Debug|Any CPU
		{EC87FA4D-6373-41C3-9A87-DA01716252B4}.Debug|Any CPU.Build.0 = Debug|Any CPU
		{EC87FA4D-6373-41C3-9A87-DA01716252B4}.Release|Any CPU.ActiveCfg = Release|Any CPU
		{EC87FA4D-6373-41C3-9A87-DA01716252B4}.Release|Any CPU.Build.0 = Release|Any CPU
		{3D0B4C1D-8072-4DB6-8BFF-87CF1B72134F}.Debug|Any CPU.ActiveCfg = Debug|Any CPU
		{3D0B4C1D-8072-4DB6-8BFF-87CF1B72134F}.Debug|Any CPU.Build.0 = Debug|Any CPU
		{3D0B4C1D-8072-4DB6-8BFF-87CF1B72134F}.Release|Any CPU.ActiveCfg = Release|Any CPU
		{3D0B4C1D-8072-4DB6-8BFF-87CF1B72134F}.Release|Any CPU.Build.0 = Release|Any CPU
	EndGlobalSection
EndGlobal
